PODS:
  - CCLRequestReplay (0.9.0):
    - CCLRequestReplay/Blueprint
    - CCLRequestReplay/Manager
    - CCLRequestReplay/Record
    - CCLRequestReplay/Replay
    - CCLRequestReplay/XCTest
  - CCLRequestReplay/Blueprint (0.9.0)
  - CCLRequestReplay/Manager (0.9.0)
  - CCLRequestReplay/Record (0.9.0):
    - CCLRequestReplay/Manager
  - CCLRequestReplay/Replay (0.9.0):
    - CCLRequestReplay/Manager
  - CCLRequestReplay/XCTest (0.9.0):
    - CCLRequestReplay/Manager
    - CCLRequestReplay/Replay
  - Expecta (0.2.3)
  - OCMock (2.2.2)
  - Specta (0.2.1)

DEPENDENCIES:
  - CCLRequestReplay (from `../`)
  - Expecta
  - OCMock
  - Specta

EXTERNAL SOURCES:
  CCLRequestReplay:
    :path: ../

SPEC CHECKSUMS:
  CCLRequestReplay: 8843aed0023f6016f5929698ac59da0bb7deabb0
  Expecta: 578e0c29df79a96a159187599e2def686ef6a66c
  OCMock: ee92ff671156212865397cd6fbae60a2d3698fb8
  Specta: 9141310f46b1f68b676650ff2854e1ed0b74163a

COCOAPODS: 0.33.1
