PODS:
  - CCLRequestReplay (0.9.0):
    - CCLRequestReplay/Blueprint
    - CCLRequestReplay/Manager
    - CCLRequestReplay/Record
    - CCLRequestReplay/Replay
  - CCLRequestReplay/Blueprint (0.9.0)
  - CCLRequestReplay/Manager (0.9.0)
  - CCLRequestReplay/Record (0.9.0)
  - CCLRequestReplay/Replay (0.9.0)
  - Expecta (0.2.3)
  - OCMock (2.2.2)
  - Specta (0.2.1)

DEPENDENCIES:
  - CCLRequestReplay (from `../`)
  - Expecta
  - OCMock
  - Specta

EXTERNAL SOURCES:
  CCLRequestReplay:
    :path: ../

SPEC CHECKSUMS:
  CCLRequestReplay: 1b83297e2382d429a12a8bb568a53a27320bd3ae
  Expecta: 2434bb2e2b3b1814280ec5d9a11359433d035975
  OCMock: 233db993fabda22597349856ee3d3c6f4fcfa87f
  Specta: 2d06220591110c6d9757d8be8ecf8e63aa40dc2a

COCOAPODS: 0.32.1
