PODS:
  - CCLRequestReplay (0.9.0):
    - CCLRequestReplay/Blueprint
    - CCLRequestReplay/Manager
    - CCLRequestReplay/Record
    - CCLRequestReplay/Replay
    - CCLRequestReplay/XCTest
  - CCLRequestReplay/Blueprint (0.9.0)
  - CCLRequestReplay/Manager (0.9.0)
  - CCLRequestReplay/Record (0.9.0):
    - CCLRequestReplay/Manager
  - CCLRequestReplay/Replay (0.9.0):
    - CCLRequestReplay/Manager
  - CCLRequestReplay/XCTest (0.9.0):
    - CCLRequestReplay/Manager
    - CCLRequestReplay/Replay
  - Expecta (0.3.1)
  - OCMock (3.0.2)
  - Specta (0.2.1)

DEPENDENCIES:
  - CCLRequestReplay (from `../`)
  - Expecta
  - OCMock
  - Specta

EXTERNAL SOURCES:
  CCLRequestReplay:
    :path: ../

SPEC CHECKSUMS:
  CCLRequestReplay: 7120feb1c1467f832a604f152abe6cf0c1cfc88a
  Expecta: 03aabd0a89d8dea843baecb19a7fd7466a69a31d
  OCMock: b9836ab89d8d5e66cbe6333f93857037c310ee62
  Specta: 9141310f46b1f68b676650ff2854e1ed0b74163a

COCOAPODS: 0.33.1
